
Microsoft Visual Studio Solution File, Format Version 12.00
# Visual Studio 14
VisualStudioVersion = 14.0.25420.1
MinimumVisualStudioVersion = 10.0.40219.1
Project("{2150E333-8FDC-42A3-9474-1A3956D46DE8}") = "src", "src", "{A936EDA4-AFEA-44B3-ABC3-07C9DDD88500}"
EndProject
Project("{2150E333-8FDC-42A3-9474-1A3956D46DE8}") = "Solution Items", "Solution Items", "{CAB3A946-4538-4C52-9E40-BF188C924000}"
	ProjectSection(SolutionItems) = preProject
		global.json = global.json
	EndProjectSection
EndProject
Project("{8BB2217D-0F2D-49D1-97BC-3654ED321F3B}") = "CI-CD_Demo", "src\CI-CD_Demo\CI-CD_Demo.xproj", "{58B5E3F3-403E-479A-98BD-476C982BCD0D}"
EndProject
Project("{FAE04EC0-301F-11D3-BF4B-00C04F79EFBC}") = "CI-CD_Demo.xUnitTests", "src\CI-CD_Demo.xUnitTests\CI-CD_Demo.xUnitTests.csproj", "{8C3C880C-FE9F-480B-BA19-A08B91380B6A}"
EndProject
Global
	GlobalSection(SolutionConfigurationPlatforms) = preSolution
		Debug|Any CPU = Debug|Any CPU
		Release|Any CPU = Release|Any CPU
	EndGlobalSection
	GlobalSection(ProjectConfigurationPlatforms) = postSolution
		{58B5E3F3-403E-479A-98BD-476C982BCD0D}.Debug|Any CPU.ActiveCfg = Debug|Any CPU
		{58B5E3F3-403E-479A-98BD-476C982BCD0D}.Debug|Any CPU.Build.0 = Debug|Any CPU
		{58B5E3F3-403E-479A-98BD-476C982BCD0D}.Release|Any CPU.ActiveCfg = Release|Any CPU
		{58B5E3F3-403E-479A-98BD-476C982BCD0D}.Release|Any CPU.Build.0 = Release|Any CPU
		{8C3C880C-FE9F-480B-BA19-A08B91380B6A}.Debug|Any CPU.ActiveCfg = Debug|Any CPU
		{8C3C880C-FE9F-480B-BA19-A08B91380B6A}.Debug|Any CPU.Build.0 = Debug|Any CPU
		{8C3C880C-FE9F-480B-BA19-A08B91380B6A}.Release|Any CPU.ActiveCfg = Release|Any CPU
		{8C3C880C-FE9F-480B-BA19-A08B91380B6A}.Release|Any CPU.Build.0 = Release|Any CPU
	EndGlobalSection
	GlobalSection(SolutionProperties) = preSolution
		HideSolutionNode = FALSE
	EndGlobalSection
	GlobalSection(NestedProjects) = preSolution
		{58B5E3F3-403E-479A-98BD-476C982BCD0D} = {A936EDA4-AFEA-44B3-ABC3-07C9DDD88500}
	EndGlobalSection
EndGlobal
